
Microsoft Visual Studio Solution File, Format Version 12.00
# Visual Studio 15
VisualStudioVersion = 15.0.28307.1622
MinimumVisualStudioVersion = 10.0.40219.1
Project("{FAE04EC0-301F-11D3-BF4B-00C04F79EFBC}") = "MatchGame", "MatchGame\MatchGame.csproj", "{E0075C15-83CF-4853-A0A4-361C515D7CB7}"
EndProject
Global
	GlobalSection(SolutionConfigurationPlatforms) = preSolution
		Debug|Any CPU = Debug|Any CPU
		Release|Any CPU = Release|Any CPU
	EndGlobalSection
	GlobalSection(ProjectConfigurationPlatforms) = postSolution
		{E0075C15-83CF-4853-A0A4-361C515D7CB7}.Debug|Any CPU.ActiveCfg = Debug|Any CPU
		{E0075C15-83CF-4853-A0A4-361C515D7CB7}.Debug|Any CPU.Build.0 = Debug|Any CPU
		{E0075C15-83CF-4853-A0A4-361C515D7CB7}.Release|Any CPU.ActiveCfg = Release|Any CPU
		{E0075C15-83CF-4853-A0A4-361C515D7CB7}.Release|Any CPU.Build.0 = Release|Any CPU
	EndGlobalSection
	GlobalSection(SolutionProperties) = preSolution
		HideSolutionNode = FALSE
	EndGlobalSection
	GlobalSection(ExtensibilityGlobals) = postSolution
		SolutionGuid = {B3CF15A2-C184-462E-8BF1-7D87916487C0}
	EndGlobalSection
EndGlobal
